
Microsoft Visual Studio Solution File, Format Version 12.00
# Visual Studio Version 16
VisualStudioVersion = 16.0.31410.357
MinimumVisualStudioVersion = 10.0.40219.1
Project("{FAE04EC0-301F-11D3-BF4B-00C04F79EFBC}") = "ClassInheritance", "ClassInheritance\ClassInheritance.csproj", "{1AB98CF8-F651-4669-ACA1-31D2D6BA940D}"
EndProject
Project("{FAE04EC0-301F-11D3-BF4B-00C04F79EFBC}") = "ClassInheritance2", "ClassInheritance2\ClassInheritance2.csproj", "{A987AD01-1F01-4111-B41E-40D2448FC108}"
EndProject
Global
	GlobalSection(SolutionConfigurationPlatforms) = preSolution
		Debug|Any CPU = Debug|Any CPU
		Release|Any CPU = Release|Any CPU
	EndGlobalSection
	GlobalSection(ProjectConfigurationPlatforms) = postSolution
		{1AB98CF8-F651-4669-ACA1-31D2D6BA940D}.Debug|Any CPU.ActiveCfg = Debug|Any CPU
		{1AB98CF8-F651-4669-ACA1-31D2D6BA940D}.Debug|Any CPU.Build.0 = Debug|Any CPU
		{1AB98CF8-F651-4669-ACA1-31D2D6BA940D}.Release|Any CPU.ActiveCfg = Release|Any CPU
		{1AB98CF8-F651-4669-ACA1-31D2D6BA940D}.Release|Any CPU.Build.0 = Release|Any CPU
		{A987AD01-1F01-4111-B41E-40D2448FC108}.Debug|Any CPU.ActiveCfg = Debug|Any CPU
		{A987AD01-1F01-4111-B41E-40D2448FC108}.Debug|Any CPU.Build.0 = Debug|Any CPU
		{A987AD01-1F01-4111-B41E-40D2448FC108}.Release|Any CPU.ActiveCfg = Release|Any CPU
		{A987AD01-1F01-4111-B41E-40D2448FC108}.Release|Any CPU.Build.0 = Release|Any CPU
	EndGlobalSection
	GlobalSection(SolutionProperties) = preSolution
		HideSolutionNode = FALSE
	EndGlobalSection
	GlobalSection(ExtensibilityGlobals) = postSolution
		SolutionGuid = {F10CCD62-8FE4-41FC-931F-20C9B94B8325}
	EndGlobalSection
EndGlobal
