
Microsoft Visual Studio Solution File, Format Version 12.00
# Visual Studio Version 16
VisualStudioVersion = 16.0.31410.357
MinimumVisualStudioVersion = 10.0.40219.1
Project("{FAE04EC0-301F-11D3-BF4B-00C04F79EFBC}") = "TypeConversion", "TypeConversion\TypeConversion.csproj", "{301F9B1B-2E01-4D6C-BFED-9DDB9A4B888E}"
EndProject
Global
	GlobalSection(SolutionConfigurationPlatforms) = preSolution
		Debug|Any CPU = Debug|Any CPU
		Release|Any CPU = Release|Any CPU
	EndGlobalSection
	GlobalSection(ProjectConfigurationPlatforms) = postSolution
		{301F9B1B-2E01-4D6C-BFED-9DDB9A4B888E}.Debug|Any CPU.ActiveCfg = Debug|Any CPU
		{301F9B1B-2E01-4D6C-BFED-9DDB9A4B888E}.Debug|Any CPU.Build.0 = Debug|Any CPU
		{301F9B1B-2E01-4D6C-BFED-9DDB9A4B888E}.Release|Any CPU.ActiveCfg = Release|Any CPU
		{301F9B1B-2E01-4D6C-BFED-9DDB9A4B888E}.Release|Any CPU.Build.0 = Release|Any CPU
	EndGlobalSection
	GlobalSection(SolutionProperties) = preSolution
		HideSolutionNode = FALSE
	EndGlobalSection
	GlobalSection(ExtensibilityGlobals) = postSolution
		SolutionGuid = {B2F9EFE1-1A9E-4127-B541-3A2D62FE70DE}
	EndGlobalSection
EndGlobal
